{
  "name": "ci-tooling-corepack",
  "lockfileVersion": 3,
  "requires": true,
  "packages": {
    "": {
      "name": "ci-tooling-corepack",
      "dependencies": {
        "corepack": "0.36.0"
      }
    },
    "node_modules/corepack": {
      "version": "0.36.0",
      "resolved": "https://registry.npmjs.org/corepack/-/corepack-0.36.0.tgz",
      "integrity": "sha512-SiiJsBhZqdBiPHTEl6OT3sASrRrKIcYTQMsVGXx6EE/gM8WFMwYjeIX8Tt8RiU4Iv2J6LbT8KpGfCOsBpRWB/w==",
      "license": "MIT",
      "bin": {
        "corepack": "dist/corepack.js",
        "pnpm": "dist/pnpm.js",
        "pnpx": "dist/pnpx.js",
        "yarn": "dist/yarn.js",
        "yarnpkg": "dist/yarnpkg.js"
      },
      "engines": {
        "node": "^22.22.2 || ^24.15.0 || >=26.0.0"
      }
    }
  }
}
